
Microsoft Visual Studio Solution File, Format Version 12.00
# Visual Studio Version 17
VisualStudioVersion = 17.8.34525.116
MinimumVisualStudioVersion = 10.0.40219.1
Project("{FAE04EC0-301F-11D3-BF4B-00C04F79EFBC}") = "EFE-Core", "EFE-Core\EFE-Core.csproj", "{0D463FB4-604E-45AE-9ABB-04B150B9E4C0}"
EndProject
Global
	GlobalSection(SolutionConfigurationPlatforms) = preSolution
		Debug|Any CPU = Debug|Any CPU
		Release|Any CPU = Release|Any CPU
	EndGlobalSection
	GlobalSection(ProjectConfigurationPlatforms) = postSolution
		{0D463FB4-604E-45AE-9ABB-04B150B9E4C0}.Debug|Any CPU.ActiveCfg = Debug|Any CPU
		{0D463FB4-604E-45AE-9ABB-04B150B9E4C0}.Debug|Any CPU.Build.0 = Debug|Any CPU
		{0D463FB4-604E-45AE-9ABB-04B150B9E4C0}.Release|Any CPU.ActiveCfg = Release|Any CPU
		{0D463FB4-604E-45AE-9ABB-04B150B9E4C0}.Release|Any CPU.Build.0 = Release|Any CPU
	EndGlobalSection
	GlobalSection(SolutionProperties) = preSolution
		HideSolutionNode = FALSE
	EndGlobalSection
	GlobalSection(ExtensibilityGlobals) = postSolution
		SolutionGuid = {96C9F039-4383-4C39-9705-F64F388C2642}
	EndGlobalSection
EndGlobal
